
Microsoft Visual Studio Solution File, Format Version 12.00
# Visual Studio Version 17
VisualStudioVersion = 17.0.31903.59
MinimumVisualStudioVersion = 10.0.40219.1
Project("{2150E333-8FDC-42A3-9474-1A3956D46DE8}") = "src", "src", "{827E0CD3-B72D-47B6-A68D-7590B98EB39B}"
EndProject
Project("{FAE04EC0-301F-11D3-BF4B-00C04F79EFBC}") = "PerfectFit.Core", "src\PerfectFit.Core\PerfectFit.Core.csproj", "{44CC83F8-4560-424C-BD9A-993732B12A0F}"
EndProject
Project("{FAE04EC0-301F-11D3-BF4B-00C04F79EFBC}") = "PerfectFit.UseCases", "src\PerfectFit.UseCases\PerfectFit.UseCases.csproj", "{A717706D-6F24-479B-AF75-32BBDD062C31}"
EndProject
Project("{FAE04EC0-301F-11D3-BF4B-00C04F79EFBC}") = "PerfectFit.Infrastructure", "src\PerfectFit.Infrastructure\PerfectFit.Infrastructure.csproj", "{0E673FC1-8470-4A60-B2D2-5E992A82F96F}"
EndProject
Project("{FAE04EC0-301F-11D3-BF4B-00C04F79EFBC}") = "PerfectFit.Web", "src\PerfectFit.Web\PerfectFit.Web.csproj", "{0547E1B1-D638-46D1-A2DC-EC4298DC1FB1}"
EndProject
Project("{2150E333-8FDC-42A3-9474-1A3956D46DE8}") = "tests", "tests", "{0AB3BF05-4346-4AA6-1389-037BE0695223}"
EndProject
Project("{FAE04EC0-301F-11D3-BF4B-00C04F79EFBC}") = "PerfectFit.UnitTests", "tests\PerfectFit.UnitTests\PerfectFit.UnitTests.csproj", "{435051ED-01B7-4027-BEC0-57CA4345D574}"
EndProject
Project("{FAE04EC0-301F-11D3-BF4B-00C04F79EFBC}") = "PerfectFit.IntegrationTests", "tests\PerfectFit.IntegrationTests\PerfectFit.IntegrationTests.csproj", "{B1A19C3C-AE48-47C6-9B2C-E4BBB1319E1F}"
EndProject
Global
	GlobalSection(SolutionConfigurationPlatforms) = preSolution
		Debug|Any CPU = Debug|Any CPU
		Debug|x64 = Debug|x64
		Debug|x86 = Debug|x86
		Release|Any CPU = Release|Any CPU
		Release|x64 = Release|x64
		Release|x86 = Release|x86
	EndGlobalSection
	GlobalSection(ProjectConfigurationPlatforms) = postSolution
		{44CC83F8-4560-424C-BD9A-993732B12A0F}.Debug|Any CPU.ActiveCfg = Debug|Any CPU
		{44CC83F8-4560-424C-BD9A-993732B12A0F}.Debug|Any CPU.Build.0 = Debug|Any CPU
		{44CC83F8-4560-424C-BD9A-993732B12A0F}.Debug|x64.ActiveCfg = Debug|Any CPU
		{44CC83F8-4560-424C-BD9A-993732B12A0F}.Debug|x64.Build.0 = Debug|Any CPU
		{44CC83F8-4560-424C-BD9A-993732B12A0F}.Debug|x86.ActiveCfg = Debug|Any CPU
		{44CC83F8-4560-424C-BD9A-993732B12A0F}.Debug|x86.Build.0 = Debug|Any CPU
		{44CC83F8-4560-424C-BD9A-993732B12A0F}.Release|Any CPU.ActiveCfg = Release|Any CPU
		{44CC83F8-4560-424C-BD9A-993732B12A0F}.Release|Any CPU.Build.0 = Release|Any CPU
		{44CC83F8-4560-424C-BD9A-993732B12A0F}.Release|x64.ActiveCfg = Release|Any CPU
		{44CC83F8-4560-424C-BD9A-993732B12A0F}.Release|x64.Build.0 = Release|Any CPU
		{44CC83F8-4560-424C-BD9A-993732B12A0F}.Release|x86.ActiveCfg = Release|Any CPU
		{44CC83F8-4560-424C-BD9A-993732B12A0F}.Release|x86.Build.0 = Release|Any CPU
		{A717706D-6F24-479B-AF75-32BBDD062C31}.Debug|Any CPU.ActiveCfg = Debug|Any CPU
		{A717706D-6F24-479B-AF75-32BBDD062C31}.Debug|Any CPU.Build.0 = Debug|Any CPU
		{A717706D-6F24-479B-AF75-32BBDD062C31}.Debug|x64.ActiveCfg = Debug|Any CPU
		{A717706D-6F24-479B-AF75-32BBDD062C31}.Debug|x64.Build.0 = Debug|Any CPU
		{A717706D-6F24-479B-AF75-32BBDD062C31}.Debug|x86.ActiveCfg = Debug|Any CPU
		{A717706D-6F24-479B-AF75-32BBDD062C31}.Debug|x86.Build.0 = Debug|Any CPU
		{A717706D-6F24-479B-AF75-32BBDD062C31}.Release|Any CPU.ActiveCfg = Release|Any CPU
		{A717706D-6F24-479B-AF75-32BBDD062C31}.Release|Any CPU.Build.0 = Release|Any CPU
		{A717706D-6F24-479B-AF75-32BBDD062C31}.Release|x64.ActiveCfg = Release|Any CPU
		{A717706D-6F24-479B-AF75-32BBDD062C31}.Release|x64.Build.0 = Release|Any CPU
		{A717706D-6F24-479B-AF75-32BBDD062C31}.Release|x86.ActiveCfg = Release|Any CPU
		{A717706D-6F24-479B-AF75-32BBDD062C31}.Release|x86.Build.0 = Release|Any CPU
		{0E673FC1-8470-4A60-B2D2-5E992A82F96F}.Debug|Any CPU.ActiveCfg = Debug|Any CPU
		{0E673FC1-8470-4A60-B2D2-5E992A82F96F}.Debug|Any CPU.Build.0 = Debug|Any CPU
		{0E673FC1-8470-4A60-B2D2-5E992A82F96F}.Debug|x64.ActiveCfg = Debug|Any CPU
		{0E673FC1-8470-4A60-B2D2-5E992A82F96F}.Debug|x64.Build.0 = Debug|Any CPU
		{0E673FC1-8470-4A60-B2D2-5E992A82F96F}.Debug|x86.ActiveCfg = Debug|Any CPU
		{0E673FC1-8470-4A60-B2D2-5E992A82F96F}.Debug|x86.Build.0 = Debug|Any CPU
		{0E673FC1-8470-4A60-B2D2-5E992A82F96F}.Release|Any CPU.ActiveCfg = Release|Any CPU
		{0E673FC1-8470-4A60-B2D2-5E992A82F96F}.Release|Any CPU.Build.0 = Release|Any CPU
		{0E673FC1-8470-4A60-B2D2-5E992A82F96F}.Release|x64.ActiveCfg = Release|Any CPU
		{0E673FC1-8470-4A60-B2D2-5E992A82F96F}.Release|x64.Build.0 = Release|Any CPU
		{0E673FC1-8470-4A60-B2D2-5E992A82F96F}.Release|x86.ActiveCfg = Release|Any CPU
		{0E673FC1-8470-4A60-B2D2-5E992A82F96F}.Release|x86.Build.0 = Release|Any CPU
		{0547E1B1-D638-46D1-A2DC-EC4298DC1FB1}.Debug|Any CPU.ActiveCfg = Debug|Any CPU
		{0547E1B1-D638-46D1-A2DC-EC4298DC1FB1}.Debug|Any CPU.Build.0 = Debug|Any CPU
		{0547E1B1-D638-46D1-A2DC-EC4298DC1FB1}.Debug|x64.ActiveCfg = Debug|Any CPU
		{0547E1B1-D638-46D1-A2DC-EC4298DC1FB1}.Debug|x64.Build.0 = Debug|Any CPU
		{0547E1B1-D638-46D1-A2DC-EC4298DC1FB1}.Debug|x86.ActiveCfg = Debug|Any CPU
		{0547E1B1-D638-46D1-A2DC-EC4298DC1FB1}.Debug|x86.Build.0 = Debug|Any CPU
		{0547E1B1-D638-46D1-A2DC-EC4298DC1FB1}.Release|Any CPU.ActiveCfg = Release|Any CPU
		{0547E1B1-D638-46D1-A2DC-EC4298DC1FB1}.Release|Any CPU.Build.0 = Release|Any CPU
		{0547E1B1-D638-46D1-A2DC-EC4298DC1FB1}.Release|x64.ActiveCfg = Release|Any CPU
		{0547E1B1-D638-46D1-A2DC-EC4298DC1FB1}.Release|x64.Build.0 = Release|Any CPU
		{0547E1B1-D638-46D1-A2DC-EC4298DC1FB1}.Release|x86.ActiveCfg = Release|Any CPU
		{0547E1B1-D638-46D1-A2DC-EC4298DC1FB1}.Release|x86.Build.0 = Release|Any CPU
		{435051ED-01B7-4027-BEC0-57CA4345D574}.Debug|Any CPU.ActiveCfg = Debug|Any CPU
		{435051ED-01B7-4027-BEC0-57CA4345D574}.Debug|Any CPU.Build.0 = Debug|Any CPU
		{435051ED-01B7-4027-BEC0-57CA4345D574}.Debug|x64.ActiveCfg = Debug|Any CPU
		{435051ED-01B7-4027-BEC0-57CA4345D574}.Debug|x64.Build.0 = Debug|Any CPU
		{435051ED-01B7-4027-BEC0-57CA4345D574}.Debug|x86.ActiveCfg = Debug|Any CPU
		{435051ED-01B7-4027-BEC0-57CA4345D574}.Debug|x86.Build.0 = Debug|Any CPU
		{435051ED-01B7-4027-BEC0-57CA4345D574}.Release|Any CPU.ActiveCfg = Release|Any CPU
		{435051ED-01B7-4027-BEC0-57CA4345D574}.Release|Any CPU.Build.0 = Release|Any CPU
		{435051ED-01B7-4027-BEC0-57CA4345D574}.Release|x64.ActiveCfg = Release|Any CPU
		{435051ED-01B7-4027-BEC0-57CA4345D574}.Release|x64.Build.0 = Release|Any CPU
		{435051ED-01B7-4027-BEC0-57CA4345D574}.Release|x86.ActiveCfg = Release|Any CPU
		{435051ED-01B7-4027-BEC0-57CA4345D574}.Release|x86.Build.0 = Release|Any CPU
		{B1A19C3C-AE48-47C6-9B2C-E4BBB1319E1F}.Debug|Any CPU.ActiveCfg = Debug|Any CPU
		{B1A19C3C-AE48-47C6-9B2C-E4BBB1319E1F}.Debug|Any CPU.Build.0 = Debug|Any CPU
		{B1A19C3C-AE48-47C6-9B2C-E4BBB1319E1F}.Debug|x64.ActiveCfg = Debug|Any CPU
		{B1A19C3C-AE48-47C6-9B2C-E4BBB1319E1F}.Debug|x64.Build.0 = Debug|Any CPU
		{B1A19C3C-AE48-47C6-9B2C-E4BBB1319E1F}.Debug|x86.ActiveCfg = Debug|Any CPU
		{B1A19C3C-AE48-47C6-9B2C-E4BBB1319E1F}.Debug|x86.Build.0 = Debug|Any CPU
		{B1A19C3C-AE48-47C6-9B2C-E4BBB1319E1F}.Release|Any CPU.ActiveCfg = Release|Any CPU
		{B1A19C3C-AE48-47C6-9B2C-E4BBB1319E1F}.Release|Any CPU.Build.0 = Release|Any CPU
		{B1A19C3C-AE48-47C6-9B2C-E4BBB1319E1F}.Release|x64.ActiveCfg = Release|Any CPU
		{B1A19C3C-AE48-47C6-9B2C-E4BBB1319E1F}.Release|x64.Build.0 = Release|Any CPU
		{B1A19C3C-AE48-47C6-9B2C-E4BBB1319E1F}.Release|x86.ActiveCfg = Release|Any CPU
		{B1A19C3C-AE48-47C6-9B2C-E4BBB1319E1F}.Release|x86.Build.0 = Release|Any CPU
	EndGlobalSection
	GlobalSection(SolutionProperties) = preSolution
		HideSolutionNode = FALSE
	EndGlobalSection
	GlobalSection(NestedProjects) = preSolution
		{44CC83F8-4560-424C-BD9A-993732B12A0F} = {827E0CD3-B72D-47B6-A68D-7590B98EB39B}
		{A717706D-6F24-479B-AF75-32BBDD062C31} = {827E0CD3-B72D-47B6-A68D-7590B98EB39B}
		{0E673FC1-8470-4A60-B2D2-5E992A82F96F} = {827E0CD3-B72D-47B6-A68D-7590B98EB39B}
		{0547E1B1-D638-46D1-A2DC-EC4298DC1FB1} = {827E0CD3-B72D-47B6-A68D-7590B98EB39B}
		{435051ED-01B7-4027-BEC0-57CA4345D574} = {0AB3BF05-4346-4AA6-1389-037BE0695223}
		{B1A19C3C-AE48-47C6-9B2C-E4BBB1319E1F} = {0AB3BF05-4346-4AA6-1389-037BE0695223}
	EndGlobalSection
EndGlobal
